
Microsoft Visual Studio Solution File, Format Version 12.00
# Visual Studio Version 16
VisualStudioVersion = 16.0.31205.134
MinimumVisualStudioVersion = 10.0.40219.1
Project("{2150E333-8FDC-42A3-9474-1A3956D46DE8}") = "Solution Items", "Solution Items", "{A13EA740-656E-4E76-A226-C2CE1CFEF8F8}"
	ProjectSection(SolutionItems) = preProject
		docker-compose.yaml = docker-compose.yaml
		docker.yaml = docker.yaml
	EndProjectSection
EndProject
Project("{FAE04EC0-301F-11D3-BF4B-00C04F79EFBC}") = "KafkaConsumer", "KafkaConsumer\KafkaConsumer.csproj", "{57F0B15B-CBE7-4A1A-BC55-FD1124F19581}"
EndProject
Project("{FAE04EC0-301F-11D3-BF4B-00C04F79EFBC}") = "Kafka.Producer", "Kafka.Producer\Kafka.Producer.csproj", "{318C3FA8-DF3C-48C2-B6AA-164AE418CC57}"
EndProject
Global
	GlobalSection(SolutionConfigurationPlatforms) = preSolution
		Debug|Any CPU = Debug|Any CPU
		Release|Any CPU = Release|Any CPU
	EndGlobalSection
	GlobalSection(ProjectConfigurationPlatforms) = postSolution
		{57F0B15B-CBE7-4A1A-BC55-FD1124F19581}.Debug|Any CPU.ActiveCfg = Debug|Any CPU
		{57F0B15B-CBE7-4A1A-BC55-FD1124F19581}.Debug|Any CPU.Build.0 = Debug|Any CPU
		{57F0B15B-CBE7-4A1A-BC55-FD1124F19581}.Release|Any CPU.ActiveCfg = Release|Any CPU
		{57F0B15B-CBE7-4A1A-BC55-FD1124F19581}.Release|Any CPU.Build.0 = Release|Any CPU
		{318C3FA8-DF3C-48C2-B6AA-164AE418CC57}.Debug|Any CPU.ActiveCfg = Debug|Any CPU
		{318C3FA8-DF3C-48C2-B6AA-164AE418CC57}.Debug|Any CPU.Build.0 = Debug|Any CPU
		{318C3FA8-DF3C-48C2-B6AA-164AE418CC57}.Release|Any CPU.ActiveCfg = Release|Any CPU
		{318C3FA8-DF3C-48C2-B6AA-164AE418CC57}.Release|Any CPU.Build.0 = Release|Any CPU
	EndGlobalSection
	GlobalSection(SolutionProperties) = preSolution
		HideSolutionNode = FALSE
	EndGlobalSection
	GlobalSection(ExtensibilityGlobals) = postSolution
		SolutionGuid = {E8D5EF70-B5C8-4B3A-9CA8-E1DC120B6CB0}
	EndGlobalSection
EndGlobal
